{
  "nodes": {
    "flake-utils": {
      "inputs": {
        "systems": "systems"
      },
      "locked": {
        "lastModified": 1705309234,
        "narHash": "sha256-uNRRNRKmJyCRC/8y1RqBkqWBLM034y4qN7EprSdmgyA=",
        "owner": "numtide",
        "repo": "flake-utils",
        "rev": "1ef2e671c3b0c19053962c07dbda38332dcebf26",
        "type": "github"
      },
      "original": {
        "owner": "numtide",
        "repo": "flake-utils",
        "type": "github"
      }
    },
    "janus": {
      "inputs": {
        "flake-utils": [
          "flake-utils"
        ],
        "nixpkgs": [
          "nixpkgs"
        ]
      },
      "locked": {
        "lastModified": 1752275781,
        "narHash": "sha256-lCyEI9QXKlMJ0xv4So6GOLqSA2M6JoKuTpvQR/oUhyk=",
        "ref": "refs/heads/master",
        "rev": "4949ac1a954444a248a91b80d4a7f28a411a6fb0",
        "revCount": 20,
        "type": "git",
        "url": "ssh://git@github.com:/ajknapp/janus.git"
      },
      "original": {
        "type": "git",
        "url": "ssh://git@github.com:/ajknapp/janus.git"
      }
    },
    "nixpkgs": {
      "locked": {
        "lastModified": 1751943650,
        "narHash": "sha256-7orTnNqkGGru8Je6Un6mq1T8YVVU/O5kyW4+f9C1mZQ=",
        "owner": "NixOS",
        "repo": "nixpkgs",
        "rev": "88983d4b665fb491861005137ce2b11a9f89f203",
        "type": "github"
      },
      "original": {
        "owner": "NixOS",
        "ref": "nixos-25.05",
        "repo": "nixpkgs",
        "type": "github"
      }
    },
    "root": {
      "inputs": {
        "flake-utils": "flake-utils",
        "janus": "janus",
        "nixpkgs": "nixpkgs"
      }
    },
    "systems": {
      "locked": {
        "lastModified": 1681028828,
        "narHash": "sha256-Vy1rq5AaRuLzOxct8nz4T6wlgyUR7zLU309k9mBC768=",
        "owner": "nix-systems",
        "repo": "default",
        "rev": "da67096a3b9bf56a91d16901293e51ba5b49a27e",
        "type": "github"
      },
      "original": {
        "owner": "nix-systems",
        "repo": "default",
        "type": "github"
      }
    }
  },
  "root": "root",
  "version": 7
}
